
Microsoft Visual Studio Solution File, Format Version 12.00
# Visual Studio Version 17
VisualStudioVersion = 17.9.34723.18
MinimumVisualStudioVersion = 10.0.40219.1
Project("{FAE04EC0-301F-11D3-BF4B-00C04F79EFBC}") = "SummerPractice2024", "SummerPractice2024\SummerPractice2024.csproj", "{9DCD6A59-AC9B-4CC9-84F1-64B563355004}"
EndProject
Global
	GlobalSection(SolutionConfigurationPlatforms) = preSolution
		Debug|Any CPU = Debug|Any CPU
		Release|Any CPU = Release|Any CPU
	EndGlobalSection
	GlobalSection(ProjectConfigurationPlatforms) = postSolution
		{9DCD6A59-AC9B-4CC9-84F1-64B563355004}.Debug|Any CPU.ActiveCfg = Debug|Any CPU
		{9DCD6A59-AC9B-4CC9-84F1-64B563355004}.Debug|Any CPU.Build.0 = Debug|Any CPU
		{9DCD6A59-AC9B-4CC9-84F1-64B563355004}.Release|Any CPU.ActiveCfg = Release|Any CPU
		{9DCD6A59-AC9B-4CC9-84F1-64B563355004}.Release|Any CPU.Build.0 = Release|Any CPU
	EndGlobalSection
	GlobalSection(SolutionProperties) = preSolution
		HideSolutionNode = FALSE
	EndGlobalSection
	GlobalSection(ExtensibilityGlobals) = postSolution
		SolutionGuid = {8E5DC811-E537-4D43-BC28-116ED6436552}
	EndGlobalSection
EndGlobal
