
Microsoft Visual Studio Solution File, Format Version 12.00
# Visual Studio Version 16
VisualStudioVersion = 16.0.34031.81
MinimumVisualStudioVersion = 10.0.40219.1
Project("{8BC9CEB8-8B4A-11D0-8D11-00A0C91BC942}") = "3_Sem_LPS_1_Lab_MATRIX", "3_Sem_LPS_1_Lab_MATRIX\3_Sem_LPS_1_Lab_MATRIX.vcxproj", "{11B1CD51-97B7-4817-9BE6-DBCAB24EA308}"
EndProject
Global
	GlobalSection(SolutionConfigurationPlatforms) = preSolution
		Debug|x64 = Debug|x64
		Debug|x86 = Debug|x86
		Release|x64 = Release|x64
		Release|x86 = Release|x86
	EndGlobalSection
	GlobalSection(ProjectConfigurationPlatforms) = postSolution
		{11B1CD51-97B7-4817-9BE6-DBCAB24EA308}.Debug|x64.ActiveCfg = Debug|x64
		{11B1CD51-97B7-4817-9BE6-DBCAB24EA308}.Debug|x64.Build.0 = Debug|x64
		{11B1CD51-97B7-4817-9BE6-DBCAB24EA308}.Debug|x86.ActiveCfg = Debug|Win32
		{11B1CD51-97B7-4817-9BE6-DBCAB24EA308}.Debug|x86.Build.0 = Debug|Win32
		{11B1CD51-97B7-4817-9BE6-DBCAB24EA308}.Release|x64.ActiveCfg = Release|x64
		{11B1CD51-97B7-4817-9BE6-DBCAB24EA308}.Release|x64.Build.0 = Release|x64
		{11B1CD51-97B7-4817-9BE6-DBCAB24EA308}.Release|x86.ActiveCfg = Release|Win32
		{11B1CD51-97B7-4817-9BE6-DBCAB24EA308}.Release|x86.Build.0 = Release|Win32
	EndGlobalSection
	GlobalSection(SolutionProperties) = preSolution
		HideSolutionNode = FALSE
	EndGlobalSection
	GlobalSection(ExtensibilityGlobals) = postSolution
		SolutionGuid = {A34AF207-BAA1-4110-B798-55226759674D}
	EndGlobalSection
EndGlobal
