
Microsoft Visual Studio Solution File, Format Version 12.00
# Visual Studio Version 16
VisualStudioVersion = 16.0.34031.81
MinimumVisualStudioVersion = 10.0.40219.1
Project("{8BC9CEB8-8B4A-11D0-8D11-00A0C91BC942}") = "4_Sem_1_Lab_FList_Container", "4_Sem_1_Lab_FList_Container\4_Sem_1_Lab_FList_Container.vcxproj", "{7A93304B-6D6C-4C0D-9C4F-C8465E72F2ED}"
EndProject
Global
	GlobalSection(SolutionConfigurationPlatforms) = preSolution
		Debug|x64 = Debug|x64
		Debug|x86 = Debug|x86
		Release|x64 = Release|x64
		Release|x86 = Release|x86
	EndGlobalSection
	GlobalSection(ProjectConfigurationPlatforms) = postSolution
		{7A93304B-6D6C-4C0D-9C4F-C8465E72F2ED}.Debug|x64.ActiveCfg = Debug|x64
		{7A93304B-6D6C-4C0D-9C4F-C8465E72F2ED}.Debug|x64.Build.0 = Debug|x64
		{7A93304B-6D6C-4C0D-9C4F-C8465E72F2ED}.Debug|x86.ActiveCfg = Debug|Win32
		{7A93304B-6D6C-4C0D-9C4F-C8465E72F2ED}.Debug|x86.Build.0 = Debug|Win32
		{7A93304B-6D6C-4C0D-9C4F-C8465E72F2ED}.Release|x64.ActiveCfg = Release|x64
		{7A93304B-6D6C-4C0D-9C4F-C8465E72F2ED}.Release|x64.Build.0 = Release|x64
		{7A93304B-6D6C-4C0D-9C4F-C8465E72F2ED}.Release|x86.ActiveCfg = Release|Win32
		{7A93304B-6D6C-4C0D-9C4F-C8465E72F2ED}.Release|x86.Build.0 = Release|Win32
	EndGlobalSection
	GlobalSection(SolutionProperties) = preSolution
		HideSolutionNode = FALSE
	EndGlobalSection
	GlobalSection(ExtensibilityGlobals) = postSolution
		SolutionGuid = {7C5D24DC-AF4D-466F-8832-F7E166B04ED6}
	EndGlobalSection
EndGlobal
