
Microsoft Visual Studio Solution File, Format Version 12.00
# Visual Studio Version 17
VisualStudioVersion = 17.6.33717.318
MinimumVisualStudioVersion = 10.0.40219.1
Project("{8BC9CEB8-8B4A-11D0-8D11-00A0C91BC942}") = "Lab4", "Lab4\Lab4.vcxproj", "{5CD8E389-74B0-4D06-B839-FD8CE6D1667B}"
EndProject
Global
	GlobalSection(SolutionConfigurationPlatforms) = preSolution
		Debug|x64 = Debug|x64
		Debug|x86 = Debug|x86
		Release|x64 = Release|x64
		Release|x86 = Release|x86
	EndGlobalSection
	GlobalSection(ProjectConfigurationPlatforms) = postSolution
		{5CD8E389-74B0-4D06-B839-FD8CE6D1667B}.Debug|x64.ActiveCfg = Debug|x64
		{5CD8E389-74B0-4D06-B839-FD8CE6D1667B}.Debug|x64.Build.0 = Debug|x64
		{5CD8E389-74B0-4D06-B839-FD8CE6D1667B}.Debug|x86.ActiveCfg = Debug|Win32
		{5CD8E389-74B0-4D06-B839-FD8CE6D1667B}.Debug|x86.Build.0 = Debug|Win32
		{5CD8E389-74B0-4D06-B839-FD8CE6D1667B}.Release|x64.ActiveCfg = Release|x64
		{5CD8E389-74B0-4D06-B839-FD8CE6D1667B}.Release|x64.Build.0 = Release|x64
		{5CD8E389-74B0-4D06-B839-FD8CE6D1667B}.Release|x86.ActiveCfg = Release|Win32
		{5CD8E389-74B0-4D06-B839-FD8CE6D1667B}.Release|x86.Build.0 = Release|Win32
	EndGlobalSection
	GlobalSection(SolutionProperties) = preSolution
		HideSolutionNode = FALSE
	EndGlobalSection
	GlobalSection(ExtensibilityGlobals) = postSolution
		SolutionGuid = {9BEDDC03-208C-47D9-B75B-FC80EEEAC105}
	EndGlobalSection
EndGlobal
