
Microsoft Visual Studio Solution File, Format Version 12.00
# Visual Studio Version 17
VisualStudioVersion = 17.4.33213.308
MinimumVisualStudioVersion = 10.0.40219.1
Project("{FAE04EC0-301F-11D3-BF4B-00C04F79EFBC}") = "Lab1_OS_226", "Lab1_OS\Lab1_OS_226.csproj", "{128B9FB7-7769-4F44-AD46-643E5C729F11}"
EndProject
Global
	GlobalSection(SolutionConfigurationPlatforms) = preSolution
		Debug|Any CPU = Debug|Any CPU
		Release|Any CPU = Release|Any CPU
	EndGlobalSection
	GlobalSection(ProjectConfigurationPlatforms) = postSolution
		{128B9FB7-7769-4F44-AD46-643E5C729F11}.Debug|Any CPU.ActiveCfg = Debug|Any CPU
		{128B9FB7-7769-4F44-AD46-643E5C729F11}.Debug|Any CPU.Build.0 = Debug|Any CPU
		{128B9FB7-7769-4F44-AD46-643E5C729F11}.Release|Any CPU.ActiveCfg = Release|Any CPU
		{128B9FB7-7769-4F44-AD46-643E5C729F11}.Release|Any CPU.Build.0 = Release|Any CPU
	EndGlobalSection
	GlobalSection(SolutionProperties) = preSolution
		HideSolutionNode = FALSE
	EndGlobalSection
	GlobalSection(ExtensibilityGlobals) = postSolution
		SolutionGuid = {63D7D398-E4BA-433B-BEF0-F4892A78547E}
	EndGlobalSection
EndGlobal
