
Microsoft Visual Studio Solution File, Format Version 12.00
# Visual Studio Version 17
VisualStudioVersion = 17.4.33213.308
MinimumVisualStudioVersion = 10.0.40219.1
Project("{FAE04EC0-301F-11D3-BF4B-00C04F79EFBC}") = "4_Sem_1_Lab_CSharp_Graph", "4_Sem_1_Lab_CSharp_Graph\4_Sem_1_Lab_CSharp_Graph.csproj", "{B5CE52D7-70CA-45EC-8372-F575C0161A55}"
EndProject
Global
	GlobalSection(SolutionConfigurationPlatforms) = preSolution
		Debug|Any CPU = Debug|Any CPU
		Release|Any CPU = Release|Any CPU
	EndGlobalSection
	GlobalSection(ProjectConfigurationPlatforms) = postSolution
		{B5CE52D7-70CA-45EC-8372-F575C0161A55}.Debug|Any CPU.ActiveCfg = Debug|Any CPU
		{B5CE52D7-70CA-45EC-8372-F575C0161A55}.Debug|Any CPU.Build.0 = Debug|Any CPU
		{B5CE52D7-70CA-45EC-8372-F575C0161A55}.Release|Any CPU.ActiveCfg = Release|Any CPU
		{B5CE52D7-70CA-45EC-8372-F575C0161A55}.Release|Any CPU.Build.0 = Release|Any CPU
	EndGlobalSection
	GlobalSection(SolutionProperties) = preSolution
		HideSolutionNode = FALSE
	EndGlobalSection
	GlobalSection(ExtensibilityGlobals) = postSolution
		SolutionGuid = {0AB614EB-BA73-45BB-BD5B-D47BDDD02F53}
	EndGlobalSection
EndGlobal
