
Microsoft Visual Studio Solution File, Format Version 12.00
# Visual Studio Version 17
VisualStudioVersion = 17.4.33213.308
MinimumVisualStudioVersion = 10.0.40219.1
Project("{FAE04EC0-301F-11D3-BF4B-00C04F79EFBC}") = "4_Sem_2_Lab_CSharp_Ants", "4_Sem_2_Lab_CSharp_Ants\4_Sem_2_Lab_CSharp_Ants.csproj", "{94AB62C9-716E-4D91-AC80-6AA9477D8036}"
EndProject
Global
	GlobalSection(SolutionConfigurationPlatforms) = preSolution
		Debug|Any CPU = Debug|Any CPU
		Release|Any CPU = Release|Any CPU
	EndGlobalSection
	GlobalSection(ProjectConfigurationPlatforms) = postSolution
		{94AB62C9-716E-4D91-AC80-6AA9477D8036}.Debug|Any CPU.ActiveCfg = Debug|Any CPU
		{94AB62C9-716E-4D91-AC80-6AA9477D8036}.Debug|Any CPU.Build.0 = Debug|Any CPU
		{94AB62C9-716E-4D91-AC80-6AA9477D8036}.Release|Any CPU.ActiveCfg = Release|Any CPU
		{94AB62C9-716E-4D91-AC80-6AA9477D8036}.Release|Any CPU.Build.0 = Release|Any CPU
	EndGlobalSection
	GlobalSection(SolutionProperties) = preSolution
		HideSolutionNode = FALSE
	EndGlobalSection
	GlobalSection(ExtensibilityGlobals) = postSolution
		SolutionGuid = {241A4679-7862-4200-A010-B613599BAC83}
	EndGlobalSection
EndGlobal
